
Microsoft Visual Studio Solution File, Format Version 12.00
# Visual Studio Version 16
VisualStudioVersion = 16.0.31112.23
MinimumVisualStudioVersion = 10.0.40219.1
Project("{FAE04EC0-301F-11D3-BF4B-00C04F79EFBC}") = "MyFirstApp", "MyFirstApp\MyFirstApp.csproj", "{C454C5C2-3A05-4161-806B-37CE9FD39162}"
EndProject
Global
	GlobalSection(SolutionConfigurationPlatforms) = preSolution
		Debug|Any CPU = Debug|Any CPU
		Release|Any CPU = Release|Any CPU
	EndGlobalSection
	GlobalSection(ProjectConfigurationPlatforms) = postSolution
		{C454C5C2-3A05-4161-806B-37CE9FD39162}.Debug|Any CPU.ActiveCfg = Debug|Any CPU
		{C454C5C2-3A05-4161-806B-37CE9FD39162}.Debug|Any CPU.Build.0 = Debug|Any CPU
		{C454C5C2-3A05-4161-806B-37CE9FD39162}.Release|Any CPU.ActiveCfg = Release|Any CPU
		{C454C5C2-3A05-4161-806B-37CE9FD39162}.Release|Any CPU.Build.0 = Release|Any CPU
	EndGlobalSection
	GlobalSection(SolutionProperties) = preSolution
		HideSolutionNode = FALSE
	EndGlobalSection
	GlobalSection(ExtensibilityGlobals) = postSolution
		SolutionGuid = {7B942BCE-7C57-4105-BEC6-74CC44E0FB4C}
	EndGlobalSection
EndGlobal
